
Microsoft Visual Studio Solution File, Format Version 12.00
# Visual Studio 15
VisualStudioVersion = 15.0.26124.0
MinimumVisualStudioVersion = 15.0.26124.0
Project("{FAE04EC0-301F-11D3-BF4B-00C04F79EFBC}") = "Application", "Application\Application.csproj", "{61DFA294-9BE8-4ACA-8A9D-CBD0B631A537}"
EndProject
Project("{FAE04EC0-301F-11D3-BF4B-00C04F79EFBC}") = "Domain", "Domain\Domain.csproj", "{9634A093-C495-4334-821A-213AA7A2A1DE}"
EndProject
Project("{FAE04EC0-301F-11D3-BF4B-00C04F79EFBC}") = "Cross", "Cross\Cross.csproj", "{A078EEAF-E4AB-45DD-A297-8C224ED44FDD}"
EndProject
Project("{FAE04EC0-301F-11D3-BF4B-00C04F79EFBC}") = "Data", "Data\Data.csproj", "{77899042-BCD4-4729-9CB3-E654B77F008D}"
EndProject
Project("{FAE04EC0-301F-11D3-BF4B-00C04F79EFBC}") = "Service", "Service\Service.csproj", "{83465A23-401A-4A58-B6E5-188542620749}"
EndProject
Global
	GlobalSection(SolutionConfigurationPlatforms) = preSolution
		Debug|Any CPU = Debug|Any CPU
		Debug|x64 = Debug|x64
		Debug|x86 = Debug|x86
		Release|Any CPU = Release|Any CPU
		Release|x64 = Release|x64
		Release|x86 = Release|x86
	EndGlobalSection
	GlobalSection(SolutionProperties) = preSolution
		HideSolutionNode = FALSE
	EndGlobalSection
	GlobalSection(ProjectConfigurationPlatforms) = postSolution
		{61DFA294-9BE8-4ACA-8A9D-CBD0B631A537}.Debug|Any CPU.ActiveCfg = Debug|Any CPU
		{61DFA294-9BE8-4ACA-8A9D-CBD0B631A537}.Debug|Any CPU.Build.0 = Debug|Any CPU
		{61DFA294-9BE8-4ACA-8A9D-CBD0B631A537}.Debug|x64.ActiveCfg = Debug|Any CPU
		{61DFA294-9BE8-4ACA-8A9D-CBD0B631A537}.Debug|x64.Build.0 = Debug|Any CPU
		{61DFA294-9BE8-4ACA-8A9D-CBD0B631A537}.Debug|x86.ActiveCfg = Debug|Any CPU
		{61DFA294-9BE8-4ACA-8A9D-CBD0B631A537}.Debug|x86.Build.0 = Debug|Any CPU
		{61DFA294-9BE8-4ACA-8A9D-CBD0B631A537}.Release|Any CPU.ActiveCfg = Release|Any CPU
		{61DFA294-9BE8-4ACA-8A9D-CBD0B631A537}.Release|Any CPU.Build.0 = Release|Any CPU
		{61DFA294-9BE8-4ACA-8A9D-CBD0B631A537}.Release|x64.ActiveCfg = Release|Any CPU
		{61DFA294-9BE8-4ACA-8A9D-CBD0B631A537}.Release|x64.Build.0 = Release|Any CPU
		{61DFA294-9BE8-4ACA-8A9D-CBD0B631A537}.Release|x86.ActiveCfg = Release|Any CPU
		{61DFA294-9BE8-4ACA-8A9D-CBD0B631A537}.Release|x86.Build.0 = Release|Any CPU
		{9634A093-C495-4334-821A-213AA7A2A1DE}.Debug|Any CPU.ActiveCfg = Debug|Any CPU
		{9634A093-C495-4334-821A-213AA7A2A1DE}.Debug|Any CPU.Build.0 = Debug|Any CPU
		{9634A093-C495-4334-821A-213AA7A2A1DE}.Debug|x64.ActiveCfg = Debug|Any CPU
		{9634A093-C495-4334-821A-213AA7A2A1DE}.Debug|x64.Build.0 = Debug|Any CPU
		{9634A093-C495-4334-821A-213AA7A2A1DE}.Debug|x86.ActiveCfg = Debug|Any CPU
		{9634A093-C495-4334-821A-213AA7A2A1DE}.Debug|x86.Build.0 = Debug|Any CPU
		{9634A093-C495-4334-821A-213AA7A2A1DE}.Release|Any CPU.ActiveCfg = Release|Any CPU
		{9634A093-C495-4334-821A-213AA7A2A1DE}.Release|Any CPU.Build.0 = Release|Any CPU
		{9634A093-C495-4334-821A-213AA7A2A1DE}.Release|x64.ActiveCfg = Release|Any CPU
		{9634A093-C495-4334-821A-213AA7A2A1DE}.Release|x64.Build.0 = Release|Any CPU
		{9634A093-C495-4334-821A-213AA7A2A1DE}.Release|x86.ActiveCfg = Release|Any CPU
		{9634A093-C495-4334-821A-213AA7A2A1DE}.Release|x86.Build.0 = Release|Any CPU
		{A078EEAF-E4AB-45DD-A297-8C224ED44FDD}.Debug|Any CPU.ActiveCfg = Debug|Any CPU
		{A078EEAF-E4AB-45DD-A297-8C224ED44FDD}.Debug|Any CPU.Build.0 = Debug|Any CPU
		{A078EEAF-E4AB-45DD-A297-8C224ED44FDD}.Debug|x64.ActiveCfg = Debug|Any CPU
		{A078EEAF-E4AB-45DD-A297-8C224ED44FDD}.Debug|x64.Build.0 = Debug|Any CPU
		{A078EEAF-E4AB-45DD-A297-8C224ED44FDD}.Debug|x86.ActiveCfg = Debug|Any CPU
		{A078EEAF-E4AB-45DD-A297-8C224ED44FDD}.Debug|x86.Build.0 = Debug|Any CPU
		{A078EEAF-E4AB-45DD-A297-8C224ED44FDD}.Release|Any CPU.ActiveCfg = Release|Any CPU
		{A078EEAF-E4AB-45DD-A297-8C224ED44FDD}.Release|Any CPU.Build.0 = Release|Any CPU
		{A078EEAF-E4AB-45DD-A297-8C224ED44FDD}.Release|x64.ActiveCfg = Release|Any CPU
		{A078EEAF-E4AB-45DD-A297-8C224ED44FDD}.Release|x64.Build.0 = Release|Any CPU
		{A078EEAF-E4AB-45DD-A297-8C224ED44FDD}.Release|x86.ActiveCfg = Release|Any CPU
		{A078EEAF-E4AB-45DD-A297-8C224ED44FDD}.Release|x86.Build.0 = Release|Any CPU
		{77899042-BCD4-4729-9CB3-E654B77F008D}.Debug|Any CPU.ActiveCfg = Debug|Any CPU
		{77899042-BCD4-4729-9CB3-E654B77F008D}.Debug|Any CPU.Build.0 = Debug|Any CPU
		{77899042-BCD4-4729-9CB3-E654B77F008D}.Debug|x64.ActiveCfg = Debug|Any CPU
		{77899042-BCD4-4729-9CB3-E654B77F008D}.Debug|x64.Build.0 = Debug|Any CPU
		{77899042-BCD4-4729-9CB3-E654B77F008D}.Debug|x86.ActiveCfg = Debug|Any CPU
		{77899042-BCD4-4729-9CB3-E654B77F008D}.Debug|x86.Build.0 = Debug|Any CPU
		{77899042-BCD4-4729-9CB3-E654B77F008D}.Release|Any CPU.ActiveCfg = Release|Any CPU
		{77899042-BCD4-4729-9CB3-E654B77F008D}.Release|Any CPU.Build.0 = Release|Any CPU
		{77899042-BCD4-4729-9CB3-E654B77F008D}.Release|x64.ActiveCfg = Release|Any CPU
		{77899042-BCD4-4729-9CB3-E654B77F008D}.Release|x64.Build.0 = Release|Any CPU
		{77899042-BCD4-4729-9CB3-E654B77F008D}.Release|x86.ActiveCfg = Release|Any CPU
		{77899042-BCD4-4729-9CB3-E654B77F008D}.Release|x86.Build.0 = Release|Any CPU
		{83465A23-401A-4A58-B6E5-188542620749}.Debug|Any CPU.ActiveCfg = Debug|Any CPU
		{83465A23-401A-4A58-B6E5-188542620749}.Debug|Any CPU.Build.0 = Debug|Any CPU
		{83465A23-401A-4A58-B6E5-188542620749}.Debug|x64.ActiveCfg = Debug|Any CPU
		{83465A23-401A-4A58-B6E5-188542620749}.Debug|x64.Build.0 = Debug|Any CPU
		{83465A23-401A-4A58-B6E5-188542620749}.Debug|x86.ActiveCfg = Debug|Any CPU
		{83465A23-401A-4A58-B6E5-188542620749}.Debug|x86.Build.0 = Debug|Any CPU
		{83465A23-401A-4A58-B6E5-188542620749}.Release|Any CPU.ActiveCfg = Release|Any CPU
		{83465A23-401A-4A58-B6E5-188542620749}.Release|Any CPU.Build.0 = Release|Any CPU
		{83465A23-401A-4A58-B6E5-188542620749}.Release|x64.ActiveCfg = Release|Any CPU
		{83465A23-401A-4A58-B6E5-188542620749}.Release|x64.Build.0 = Release|Any CPU
		{83465A23-401A-4A58-B6E5-188542620749}.Release|x86.ActiveCfg = Release|Any CPU
		{83465A23-401A-4A58-B6E5-188542620749}.Release|x86.Build.0 = Release|Any CPU
	EndGlobalSection
EndGlobal
